
Microsoft Visual Studio Solution File, Format Version 12.00
# Visual Studio Version 16
VisualStudioVersion = 16.0.29403.142
MinimumVisualStudioVersion = 10.0.40219.1
Project("{9A19103F-16F7-4668-BE54-9A1E7A4F7556}") = "DeveloperCase", "DeveloperCase.csproj", "{B77F3EBE-7662-43E7-AFC7-8AFDE71ECD6E}"
EndProject
Global
	GlobalSection(SolutionConfigurationPlatforms) = preSolution
		Debug|Any CPU = Debug|Any CPU
		Release|Any CPU = Release|Any CPU
	EndGlobalSection
	GlobalSection(ProjectConfigurationPlatforms) = postSolution
		{B77F3EBE-7662-43E7-AFC7-8AFDE71ECD6E}.Debug|Any CPU.ActiveCfg = Debug|Any CPU
		{B77F3EBE-7662-43E7-AFC7-8AFDE71ECD6E}.Debug|Any CPU.Build.0 = Debug|Any CPU
		{B77F3EBE-7662-43E7-AFC7-8AFDE71ECD6E}.Release|Any CPU.ActiveCfg = Release|Any CPU
		{B77F3EBE-7662-43E7-AFC7-8AFDE71ECD6E}.Release|Any CPU.Build.0 = Release|Any CPU
	EndGlobalSection
	GlobalSection(SolutionProperties) = preSolution
		HideSolutionNode = FALSE
	EndGlobalSection
	GlobalSection(ExtensibilityGlobals) = postSolution
		SolutionGuid = {C2F808BD-3106-4E5C-8BEC-F5AD85C2C17B}
	EndGlobalSection
EndGlobal
